hash: 2fe3023bebfc0e626c2fd3c7c8487c47b81b66fc48de61e12182b50757237d38
updated: 2016-06-18T15:38:02.578904494+09:00
imports:
- name: github.com/satori/go.uuid
  version: 879c5887cd475cd7864858769793b2ceb0d44feb
- name: github.com/stretchr/testify
  version: d77da356e56a7428ad25149ca77381849a6a5232
- name: github.com/tetuyoko/mgnstr
  version: 0f7b465822c77576b6009ab9935445c7ec66dbb0
devImports: []
